
Microsoft Visual Studio Solution File, Format Version 12.00
# Visual Studio Version 17
VisualStudioVersion = 17.0.31903.59
MinimumVisualStudioVersion = 10.0.40219.1
Project("{2150E333-8FDC-42A3-9474-1A3956D46DE8}") = "src", "src", "{02EA681E-C7D8-13C7-8484-4AC65E1B71E8}"
EndProject
Project("{FAE04EC0-301F-11D3-BF4B-00C04F79EFBC}") = "Karen.Server", "src\Karen.Server\Karen.Server.csproj", "{CBEB99E8-08A2-4DDE-8024-815B4002E50F}"
EndProject
Project("{FAE04EC0-301F-11D3-BF4B-00C04F79EFBC}") = "Karen.Common", "src\Karen.Common\Karen.Common.csproj", "{F8385A05-BEC7-4091-8B54-73AF8FE2B149}"
EndProject
Project("{2150E333-8FDC-42A3-9474-1A3956D46DE8}") = "Solution Items", "Solution Items", "{77CC37C9-2F1E-41B5-B5CF-A1E709BCA5E1}"
	ProjectSection(SolutionItems) = preProject
		.editorconfig = .editorconfig
	EndProjectSection
EndProject
Project("{FAE04EC0-301F-11D3-BF4B-00C04F79EFBC}") = "Karen.Revisions.V14", "src\Karen.Revisions.V14\Karen.Revisions.V14.csproj", "{8F6D36C9-052A-4C41-A888-59BCA05386C4}"
EndProject
Project("{FAE04EC0-301F-11D3-BF4B-00C04F79EFBC}") = "Karen.Game", "src\Karen.Game\Karen.Game.csproj", "{1739D689-8660-4A44-B442-4CE5D3151F39}"
EndProject
Global
	GlobalSection(SolutionConfigurationPlatforms) = preSolution
		Debug|Any CPU = Debug|Any CPU
		Release|Any CPU = Release|Any CPU
	EndGlobalSection
	GlobalSection(ProjectConfigurationPlatforms) = postSolution
		{CBEB99E8-08A2-4DDE-8024-815B4002E50F}.Debug|Any CPU.ActiveCfg = Debug|Any CPU
		{CBEB99E8-08A2-4DDE-8024-815B4002E50F}.Debug|Any CPU.Build.0 = Debug|Any CPU
		{CBEB99E8-08A2-4DDE-8024-815B4002E50F}.Release|Any CPU.ActiveCfg = Release|Any CPU
		{CBEB99E8-08A2-4DDE-8024-815B4002E50F}.Release|Any CPU.Build.0 = Release|Any CPU
		{F8385A05-BEC7-4091-8B54-73AF8FE2B149}.Debug|Any CPU.ActiveCfg = Debug|Any CPU
		{F8385A05-BEC7-4091-8B54-73AF8FE2B149}.Debug|Any CPU.Build.0 = Debug|Any CPU
		{F8385A05-BEC7-4091-8B54-73AF8FE2B149}.Release|Any CPU.ActiveCfg = Release|Any CPU
		{F8385A05-BEC7-4091-8B54-73AF8FE2B149}.Release|Any CPU.Build.0 = Release|Any CPU
		{8F6D36C9-052A-4C41-A888-59BCA05386C4}.Debug|Any CPU.ActiveCfg = Debug|Any CPU
		{8F6D36C9-052A-4C41-A888-59BCA05386C4}.Debug|Any CPU.Build.0 = Debug|Any CPU
		{8F6D36C9-052A-4C41-A888-59BCA05386C4}.Release|Any CPU.ActiveCfg = Release|Any CPU
		{8F6D36C9-052A-4C41-A888-59BCA05386C4}.Release|Any CPU.Build.0 = Release|Any CPU
		{1739D689-8660-4A44-B442-4CE5D3151F39}.Debug|Any CPU.ActiveCfg = Debug|Any CPU
		{1739D689-8660-4A44-B442-4CE5D3151F39}.Debug|Any CPU.Build.0 = Debug|Any CPU
		{1739D689-8660-4A44-B442-4CE5D3151F39}.Release|Any CPU.ActiveCfg = Release|Any CPU
		{1739D689-8660-4A44-B442-4CE5D3151F39}.Release|Any CPU.Build.0 = Release|Any CPU
	EndGlobalSection
	GlobalSection(SolutionProperties) = preSolution
		HideSolutionNode = FALSE
	EndGlobalSection
	GlobalSection(NestedProjects) = preSolution
		{CBEB99E8-08A2-4DDE-8024-815B4002E50F} = {02EA681E-C7D8-13C7-8484-4AC65E1B71E8}
		{F8385A05-BEC7-4091-8B54-73AF8FE2B149} = {02EA681E-C7D8-13C7-8484-4AC65E1B71E8}
		{8F6D36C9-052A-4C41-A888-59BCA05386C4} = {02EA681E-C7D8-13C7-8484-4AC65E1B71E8}
		{1739D689-8660-4A44-B442-4CE5D3151F39} = {02EA681E-C7D8-13C7-8484-4AC65E1B71E8}
	EndGlobalSection
	GlobalSection(ExtensibilityGlobals) = postSolution
		SolutionGuid = {257478AD-EC33-4FFB-BEA8-7127FD7FA819}
	EndGlobalSection
EndGlobal
